// !$*UTF8*$!
{
	archiveVersion = 1;
	classes = {
	};
	objectVersion = 56;
	objects = {

/* Begin PBXBuildFile section */
		5CDF709E2C2EC412006E87C9 /* AppDelegate.swift in Sources */ = {isa = PBXBuildFile; fileRef = 5CDF709D2C2EC412006E87C9 /* AppDelegate.swift */; };
		5CDF70A02C2EC412006E87C9 /* SceneDelegate.swift in Sources */ = {isa = PBXBuildFile; fileRef = 5CDF709F2C2EC412006E87C9 /* SceneDelegate.swift */; };
		5CDF70A22C2EC412006E87C9 /* ViewController.swift in Sources */ = {isa = PBXBuildFile; fileRef = 5CDF70A12C2EC412006E87C9 /* ViewController.swift */; };
		5CDF70A52C2EC412006E87C9 /* Main.storyboard in Resources */ = {isa = PBXBuildFile; fileRef = 5CDF70A32C2EC412006E87C9 /* Main.storyboard */; };
		5CDF70A72C2EC413006E87C9 /* Assets.xcassets in Resources */ = {isa = PBXBuildFile; fileRef = 5CDF70A62C2EC413006E87C9 /* Assets.xcassets */; };
		5CDF70AA2C2EC413006E87C9 /* LaunchScreen.storyboard in Resources */ = {isa = PBXBuildFile; fileRef = 5CDF70A82C2EC413006E87C9 /* LaunchScreen.storyboard */; };
		5CDF70B52C2EC413006E87C9 /* PodcastTests.swift in Sources */ = {isa = PBXBuildFile; fileRef = 5CDF70B42C2EC413006E87C9 /* PodcastTests.swift */; };
		5CDF70BF2C2EC413006E87C9 /* PodcastUITests.swift in Sources */ = {isa = PBXBuildFile; fileRef = 5CDF70BE2C2EC413006E87C9 /* PodcastUITests.swift */; };
		5CDF70C12C2EC413006E87C9 /* PodcastUITestsLaunchTests.swift in Sources */ = {isa = PBXBuildFile; fileRef = 5CDF70C02C2EC413006E87C9 /* PodcastUITestsLaunchTests.swift */; };
/* End PBXBuildFile section */

/* Begin PBXContainerItemProxy section */
		5CDF70B12C2EC413006E87C9 /* PBXContainerItemProxy */ = {
			isa = PBXContainerItemProxy;
			containerPortal = 5CDF70922C2EC412006E87C9 /* Project object */;
			proxyType = 1;
			remoteGlobalIDString = 5CDF70992C2EC412006E87C9;
			remoteInfo = Podcast;
		};
		5CDF70BB2C2EC413006E87C9 /* PBXContainerItemProxy */ = {
			isa = PBXContainerItemProxy;
			containerPortal = 5CDF70922C2EC412006E87C9 /* Project object */;
			proxyType = 1;
			remoteGlobalIDString = 5CDF70992C2EC412006E87C9;
			remoteInfo = Podcast;
		};
/* End PBXContainerItemProxy section */

/* Begin PBXFileReference section */
		5CDF709A2C2EC412006E87C9 /* Podcast.app */ = {isa = PBXFileReference; explicitFileType = wrapper.application; includeInIndex = 0; path = Podcast.app; sourceTree = BUILT_PRODUCTS_DIR; };
		5CDF709D2C2EC412006E87C9 /* AppDelegate.swift */ = {isa = PBXFileReference; lastKnownFileType = sourcecode.swift; path = AppDelegate.swift; sourceTree = "<group>"; };
		5CDF709F2C2EC412006E87C9 /* SceneDelegate.swift */ = {isa = PBXFileReference; lastKnownFileType = sourcecode.swift; path = SceneDelegate.swift; sourceTree = "<group>"; };
		5CDF70A12C2EC412006E87C9 /* ViewController.swift */ = {isa = PBXFileReference; lastKnownFileType = sourcecode.swift; path = ViewController.swift; sourceTree = "<group>"; };
		5CDF70A42C2EC412006E87C9 /* Base */ = {isa = PBXFileReference; lastKnownFileType = file.storyboard; name = Base; path = Base.lproj/Main.storyboard; sourceTree = "<group>"; };
		5CDF70A62C2EC413006E87C9 /* Assets.xcassets */ = {isa = PBXFileReference; lastKnownFileType = folder.assetcatalog; path = Assets.xcassets; sourceTree = "<group>"; };
		5CDF70A92C2EC413006E87C9 /* Base */ = {isa = PBXFileReference; lastKnownFileType = file.storyboard; name = Base; path = Base.lproj/LaunchScreen.storyboard; sourceTree = "<group>"; };
		5CDF70AB2C2EC413006E87C9 /* Info.plist */ = {isa = PBXFileReference; lastKnownFileType = text.plist.xml; path = Info.plist; sourceTree = "<group>"; };
		5CDF70B02C2EC413006E87C9 /* PodcastTests.xctest */ = {isa = PBXFileReference; explicitFileType = wrapper.cfbundle; includeInIndex = 0; path = PodcastTests.xctest; sourceTree = BUILT_PRODUCTS_DIR; };
		5CDF70B42C2EC413006E87C9 /* PodcastTests.swift */ = {isa = PBXFileReference; lastKnownFileType = sourcecode.swift; path = PodcastTests.swift; sourceTree = "<group>"; };
		5CDF70BA2C2EC413006E87C9 /* PodcastUITests.xctest */ = {isa = PBXFileReference; explicitFileType = wrapper.cfbundle; includeInIndex = 0; path = PodcastUITests.xctest; sourceTree = BUILT_PRODUCTS_DIR; };
		5CDF70BE2C2EC413006E87C9 /* PodcastUITests.swift */ = {isa = PBXFileReference; lastKnownFileType = sourcecode.swift; path = PodcastUITests.swift; sourceTree = "<group>"; };
		5CDF70C02C2EC413006E87C9 /* PodcastUITestsLaunchTests.swift */ = {isa = PBXFileReference; lastKnownFileType = sourcecode.swift; path = PodcastUITestsLaunchTests.swift; sourceTree = "<group>"; };
/* End PBXFileReference section */

/* Begin PBXFrameworksBuildPhase section */
		5CDF70972C2EC412006E87C9 /* Frameworks */ = {
			isa = PBXFrameworksBuildPhase;
			buildActionMask = 2147483647;
			files = (
			);
			runOnlyForDeploymentPostprocessing = 0;
		};
		5CDF70AD2C2EC413006E87C9 /* Frameworks */ = {
			isa = PBXFrameworksBuildPhase;
			buildActionMask = 2147483647;
			files = (
			);
			runOnlyForDeploymentPostprocessing = 0;
		};
		5CDF70B72C2EC413006E87C9 /* Frameworks */ = {
			isa = PBXFrameworksBuildPhase;
			buildActionMask = 2147483647;
			files = (
			);
			runOnlyForDeploymentPostprocessing = 0;
		};
/* End PBXFrameworksBuildPhase section */

/* Begin PBXGroup section */
		5CDF70912C2EC412006E87C9 = {
			isa = PBXGroup;
			children = (
				5CDF709C2C2EC412006E87C9 /* Podcast */,
				5CDF70B32C2EC413006E87C9 /* PodcastTests */,
				5CDF70BD2C2EC413006E87C9 /* PodcastUITests */,
				5CDF709B2C2EC412006E87C9 /* Products */,
			);
			sourceTree = "<group>";
		};
		5CDF709B2C2EC412006E87C9 /* Products */ = {
			isa = PBXGroup;
			children = (
				5CDF709A2C2EC412006E87C9 /* Podcast.app */,
				5CDF70B02C2EC413006E87C9 /* PodcastTests.xctest */,
				5CDF70BA2C2EC413006E87C9 /* PodcastUITests.xctest */,
			);
			name = Products;
			sourceTree = "<group>";
		};
		5CDF709C2C2EC412006E87C9 /* Podcast */ = {
			isa = PBXGroup;
			children = (
				5CDF709D2C2EC412006E87C9 /* AppDelegate.swift */,
				5CDF709F2C2EC412006E87C9 /* SceneDelegate.swift */,
				5CDF70A12C2EC412006E87C9 /* ViewController.swift */,
				5CDF70A32C2EC412006E87C9 /* Main.storyboard */,
				5CDF70A62C2EC413006E87C9 /* Assets.xcassets */,
				5CDF70A82C2EC413006E87C9 /* LaunchScreen.storyboard */,
				5CDF70AB2C2EC413006E87C9 /* Info.plist */,
			);
			path = Podcast;
			sourceTree = "<group>";
		};
		5CDF70B32C2EC413006E87C9 /* PodcastTests */ = {
			isa = PBXGroup;
			children = (
				5CDF70B42C2EC413006E87C9 /* PodcastTests.swift */,
			);
			path = PodcastTests;
			sourceTree = "<group>";
		};
		5CDF70BD2C2EC413006E87C9 /* PodcastUITests */ = {
			isa = PBXGroup;
			children = (
				5CDF70BE2C2EC413006E87C9 /* PodcastUITests.swift */,
				5CDF70C02C2EC413006E87C9 /* PodcastUITestsLaunchTests.swift */,
			);
			path = PodcastUITests;
			sourceTree = "<group>";
		};
/* End PBXGroup section */

/* Begin PBXNativeTarget section */
		5CDF70992C2EC412006E87C9 /* Podcast */ = {
			isa = PBXNativeTarget;
			buildConfigurationList = 5CDF70C42C2EC413006E87C9 /* Build configuration list for PBXNativeTarget "Podcast" */;
			buildPhases = (
				5CDF70962C2EC412006E87C9 /* Sources */,
				5CDF70972C2EC412006E87C9 /* Frameworks */,
				5CDF70982C2EC412006E87C9 /* Resources */,
			);
			buildRules = (
			);
			dependencies = (
			);
			name = Podcast;
			productName = Podcast;
			productReference = 5CDF709A2C2EC412006E87C9 /* Podcast.app */;
			productType = "com.apple.product-type.application";
		};
		5CDF70AF2C2EC413006E87C9 /* PodcastTests */ = {
			isa = PBXNativeTarget;
			buildConfigurationList = 5CDF70C72C2EC413006E87C9 /* Build configuration list for PBXNativeTarget "PodcastTests" */;
			buildPhases = (
				5CDF70AC2C2EC413006E87C9 /* Sources */,
				5CDF70AD2C2EC413006E87C9 /* Frameworks */,
				5CDF70AE2C2EC413006E87C9 /* Resources */,
			);
			buildRules = (
			);
			dependencies = (
				5CDF70B22C2EC413006E87C9 /* PBXTargetDependency */,
			);
			name = PodcastTests;
			productName = PodcastTests;
			productReference = 5CDF70B02C2EC413006E87C9 /* PodcastTests.xctest */;
			productType = "com.apple.product-type.bundle.unit-test";
		};
		5CDF70B92C2EC413006E87C9 /* PodcastUITests */ = {
			isa = PBXNativeTarget;
			buildConfigurationList = 5CDF70CA2C2EC413006E87C9 /* Build configuration list for PBXNativeTarget "PodcastUITests" */;
			buildPhases = (
				5CDF70B62C2EC413006E87C9 /* Sources */,
				5CDF70B72C2EC413006E87C9 /* Frameworks */,
				5CDF70B82C2EC413006E87C9 /* Resources */,
			);
			buildRules = (
			);
			dependencies = (
				5CDF70BC2C2EC413006E87C9 /* PBXTargetDependency */,
			);
			name = PodcastUITests;
			productName = PodcastUITests;
			productReference = 5CDF70BA2C2EC413006E87C9 /* PodcastUITests.xctest */;
			productType = "com.apple.product-type.bundle.ui-testing";
		};
/* End PBXNativeTarget section */

/* Begin PBXProject section */
		5CDF70922C2EC412006E87C9 /* Project object */ = {
			isa = PBXProject;
			attributes = {
				BuildIndependentTargetsInParallel = 1;
				LastSwiftUpdateCheck = 1520;
				LastUpgradeCheck = 1520;
				TargetAttributes = {
					5CDF70992C2EC412006E87C9 = {
						CreatedOnToolsVersion = 15.2;
					};
					5CDF70AF2C2EC413006E87C9 = {
						CreatedOnToolsVersion = 15.2;
						TestTargetID = 5CDF70992C2EC412006E87C9;
					};
					5CDF70B92C2EC413006E87C9 = {
						CreatedOnToolsVersion = 15.2;
						TestTargetID = 5CDF70992C2EC412006E87C9;
					};
				};
			};
			buildConfigurationList = 5CDF70952C2EC412006E87C9 /* Build configuration list for PBXProject "Podcast" */;
			compatibilityVersion = "Xcode 14.0";
			developmentRegion = en;
			hasScannedForEncodings = 0;
			knownRegions = (
				en,
				Base,
			);
			mainGroup = 5CDF70912C2EC412006E87C9;
			productRefGroup = 5CDF709B2C2EC412006E87C9 /* Products */;
			projectDirPath = "";
			projectRoot = "";
			targets = (
				5CDF70992C2EC412006E87C9 /* Podcast */,
				5CDF70AF2C2EC413006E87C9 /* PodcastTests */,
				5CDF70B92C2EC413006E87C9 /* PodcastUITests */,
			);
		};
/* End PBXProject section */

/* Begin PBXResourcesBuildPhase section */
		5CDF70982C2EC412006E87C9 /* Resources */ = {
			isa = PBXResourcesBuildPhase;
			buildActionMask = 2147483647;
			files = (
				5CDF70AA2C2EC413006E87C9 /* LaunchScreen.storyboard in Resources */,
				5CDF70A72C2EC413006E87C9 /* Assets.xcassets in Resources */,
				5CDF70A52C2EC412006E87C9 /* Main.storyboard in Resources */,
			);
			runOnlyForDeploymentPostprocessing = 0;
		};
		5CDF70AE2C2EC413006E87C9 /* Resources */ = {
			isa = PBXResourcesBuildPhase;
			buildActionMask = 2147483647;
			files = (
			);
			runOnlyForDeploymentPostprocessing = 0;
		};
		5CDF70B82C2EC413006E87C9 /* Resources */ = {
			isa = PBXResourcesBuildPhase;
			buildActionMask = 2147483647;
			files = (
			);
			runOnlyForDeploymentPostprocessing = 0;
		};
/* End PBXResourcesBuildPhase section */

/* Begin PBXSourcesBuildPhase section */
		5CDF70962C2EC412006E87C9 /* Sources */ = {
			isa = PBXSourcesBuildPhase;
			buildActionMask = 2147483647;
			files = (
				5CDF70A22C2EC412006E87C9 /* ViewController.swift in Sources */,
				5CDF709E2C2EC412006E87C9 /* AppDelegate.swift in Sources */,
				5CDF70A02C2EC412006E87C9 /* SceneDelegate.swift in Sources */,
			);
			runOnlyForDeploymentPostprocessing = 0;
		};
		5CDF70AC2C2EC413006E87C9 /* Sources */ = {
			isa = PBXSourcesBuildPhase;
			buildActionMask = 2147483647;
			files = (
				5CDF70B52C2EC413006E87C9 /* PodcastTests.swift in Sources */,
			);
			runOnlyForDeploymentPostprocessing = 0;
		};
		5CDF70B62C2EC413006E87C9 /* Sources */ = {
			isa = PBXSourcesBuildPhase;
			buildActionMask = 2147483647;
			files = (
				5CDF70BF2C2EC413006E87C9 /* PodcastUITests.swift in Sources */,
				5CDF70C12C2EC413006E87C9 /* PodcastUITestsLaunchTests.swift in Sources */,
			);
			runOnlyForDeploymentPostprocessing = 0;
		};
/* End PBXSourcesBuildPhase section */

/* Begin PBXTargetDependency section */
		5CDF70B22C2EC413006E87C9 /* PBXTargetDependency */ = {
			isa = PBXTargetDependency;
			target = 5CDF70992C2EC412006E87C9 /* Podcast */;
			targetProxy = 5CDF70B12C2EC413006E87C9 /* PBXContainerItemProxy */;
		};
		5CDF70BC2C2EC413006E87C9 /* PBXTargetDependency */ = {
			isa = PBXTargetDependency;
			target = 5CDF70992C2EC412006E87C9 /* Podcast */;
			targetProxy = 5CDF70BB2C2EC413006E87C9 /* PBXContainerItemProxy */;
		};
/* End PBXTargetDependency section */

/* Begin PBXVariantGroup section */
		5CDF70A32C2EC412006E87C9 /* Main.storyboard */ = {
			isa = PBXVariantGroup;
			children = (
				5CDF70A42C2EC412006E87C9 /* Base */,
			);
			name = Main.storyboard;
			sourceTree = "<group>";
		};
		5CDF70A82C2EC413006E87C9 /* LaunchScreen.storyboard */ = {
			isa = PBXVariantGroup;
			children = (
				5CDF70A92C2EC413006E87C9 /* Base */,
			);
			name = LaunchScreen.storyboard;
			sourceTree = "<group>";
		};
/* End PBXVariantGroup section */

/* Begin XCBuildConfiguration section */
		5CDF70C22C2EC413006E87C9 /* Debug */ = {
			isa = XCBuildConfiguration;
			buildSettings = {
				ALWAYS_SEARCH_USER_PATHS = NO;
				ASSETCATALOG_COMPILER_GENERATE_SWIFT_ASSET_SYMBOL_EXTENSIONS = YES;
				CLANG_ANALYZER_NONNULL = YES;
				CLANG_ANALYZER_NUMBER_OBJECT_CONVERSION = YES_AGGRESSIVE;
				CLANG_CXX_LANGUAGE_STANDARD = "gnu++20";
				CLANG_ENABLE_MODULES = YES;
				CLANG_ENABLE_OBJC_ARC = YES;
				CLANG_ENABLE_OBJC_WEAK = YES;
				CLANG_WARN_BLOCK_CAPTURE_AUTORELEASING = YES;
				CLANG_WARN_BOOL_CONVERSION = YES;
				CLANG_WARN_COMMA = YES;
				CLANG_WARN_CONSTANT_CONVERSION = YES;
				CLANG_WARN_DEPRECATED_OBJC_IMPLEMENTATIONS = YES;
				CLANG_WARN_DIRECT_OBJC_ISA_USAGE = YES_ERROR;
				CLANG_WARN_DOCUMENTATION_COMMENTS = YES;
				CLANG_WARN_EMPTY_BODY = YES;
				CLANG_WARN_ENUM_CONVERSION = YES;
				CLANG_WARN_INFINITE_RECURSION = YES;
				CLANG_WARN_INT_CONVERSION = YES;
				CLANG_WARN_NON_LITERAL_NULL_CONVERSION = YES;
				CLANG_WARN_OBJC_IMPLICIT_RETAIN_SELF = YES;
				CLANG_WARN_OBJC_LITERAL_CONVERSION = YES;
				CLANG_WARN_OBJC_ROOT_CLASS = YES_ERROR;
				CLANG_WARN_QUOTED_INCLUDE_IN_FRAMEWORK_HEADER = YES;
				CLANG_WARN_RANGE_LOOP_ANALYSIS = YES;
				CLANG_WARN_STRICT_PROTOTYPES = YES;
				CLANG_WARN_SUSPICIOUS_MOVE = YES;
				CLANG_WARN_UNGUARDED_AVAILABILITY = YES_AGGRESSIVE;
				CLANG_WARN_UNREACHABLE_CODE = YES;
				CLANG_WARN__DUPLICATE_METHOD_MATCH = YES;
				COPY_PHASE_STRIP = NO;
				DEBUG_INFORMATION_FORMAT = dwarf;
				ENABLE_STRICT_OBJC_MSGSEND = YES;
				ENABLE_TESTABILITY = YES;
				ENABLE_USER_SCRIPT_SANDBOXING = YES;
				GCC_C_LANGUAGE_STANDARD = gnu17;
				GCC_DYNAMIC_NO_PIC = NO;
				GCC_NO_COMMON_BLOCKS = YES;
				GCC_OPTIMIZATION_LEVEL = 0;
				GCC_PREPROCESSOR_DEFINITIONS = (
					"DEBUG=1",
					"$(inherited)",
				);
				GCC_WARN_64_TO_32_BIT_CONVERSION = YES;
				GCC_WARN_ABOUT_RETURN_TYPE = YES_ERROR;
				GCC_WARN_UNDECLARED_SELECTOR = YES;
				GCC_WARN_UNINITIALIZED_AUTOS = YES_AGGRESSIVE;
				GCC_WARN_UNUSED_FUNCTION = YES;
				GCC_WARN_UNUSED_VARIABLE = YES;
				IPHONEOS_DEPLOYMENT_TARGET = 17.2;
				LOCALIZATION_PREFERS_STRING_CATALOGS = YES;
				MTL_ENABLE_DEBUG_INFO = INCLUDE_SOURCE;
				MTL_FAST_MATH = YES;
				ONLY_ACTIVE_ARCH = YES;
				SDKROOT = iphoneos;
				SWIFT_ACTIVE_COMPILATION_CONDITIONS = "DEBUG $(inherited)";
				SWIFT_OPTIMIZATION_LEVEL = "-Onone";
			};
			name = Debug;
		};
		5CDF70C32C2EC413006E87C9 /* Release */ = {
			isa = XCBuildConfiguration;
			buildSettings = {
				ALWAYS_SEARCH_USER_PATHS = NO;
				ASSETCATALOG_COMPILER_GENERATE_SWIFT_ASSET_SYMBOL_EXTENSIONS = YES;
				CLANG_ANALYZER_NONNULL = YES;
				CLANG_ANALYZER_NUMBER_OBJECT_CONVERSION = YES_AGGRESSIVE;
				CLANG_CXX_LANGUAGE_STANDARD = "gnu++20";
				CLANG_ENABLE_MODULES = YES;
				CLANG_ENABLE_OBJC_ARC = YES;
				CLANG_ENABLE_OBJC_WEAK = YES;
				CLANG_WARN_BLOCK_CAPTURE_AUTORELEASING = YES;
				CLANG_WARN_BOOL_CONVERSION = YES;
				CLANG_WARN_COMMA = YES;
				CLANG_WARN_CONSTANT_CONVERSION = YES;
				CLANG_WARN_DEPRECATED_OBJC_IMPLEMENTATIONS = YES;
				CLANG_WARN_DIRECT_OBJC_ISA_USAGE = YES_ERROR;
				CLANG_WARN_DOCUMENTATION_COMMENTS = YES;
				CLANG_WARN_EMPTY_BODY = YES;
				CLANG_WARN_ENUM_CONVERSION = YES;
				CLANG_WARN_INFINITE_RECURSION = YES;
				CLANG_WARN_INT_CONVERSION = YES;
				CLANG_WARN_NON_LITERAL_NULL_CONVERSION = YES;
				CLANG_WARN_OBJC_IMPLICIT_RETAIN_SELF = YES;
				CLANG_WARN_OBJC_LITERAL_CONVERSION = YES;
				CLANG_WARN_OBJC_ROOT_CLASS = YES_ERROR;
				CLANG_WARN_QUOTED_INCLUDE_IN_FRAMEWORK_HEADER = YES;
				CLANG_WARN_RANGE_LOOP_ANALYSIS = YES;
				CLANG_WARN_STRICT_PROTOTYPES = YES;
				CLANG_WARN_SUSPICIOUS_MOVE = YES;
				CLANG_WARN_UNGUARDED_AVAILABILITY = YES_AGGRESSIVE;
				CLANG_WARN_UNREACHABLE_CODE = YES;
				CLANG_WARN__DUPLICATE_METHOD_MATCH = YES;
				COPY_PHASE_STRIP = NO;
				DEBUG_INFORMATION_FORMAT = "dwarf-with-dsym";
				ENABLE_NS_ASSERTIONS = NO;
				ENABLE_STRICT_OBJC_MSGSEND = YES;
				ENABLE_USER_SCRIPT_SANDBOXING = YES;
				GCC_C_LANGUAGE_STANDARD = gnu17;
				GCC_NO_COMMON_BLOCKS = YES;
				GCC_WARN_64_TO_32_BIT_CONVERSION = YES;
				GCC_WARN_ABOUT_RETURN_TYPE = YES_ERROR;
				GCC_WARN_UNDECLARED_SELECTOR = YES;
				GCC_WARN_UNINITIALIZED_AUTOS = YES_AGGRESSIVE;
				GCC_WARN_UNUSED_FUNCTION = YES;
				GCC_WARN_UNUSED_VARIABLE = YES;
				IPHONEOS_DEPLOYMENT_TARGET = 17.2;
				LOCALIZATION_PREFERS_STRING_CATALOGS = YES;
				MTL_ENABLE_DEBUG_INFO = NO;
				MTL_FAST_MATH = YES;
				SDKROOT = iphoneos;
				SWIFT_COMPILATION_MODE = wholemodule;
				VALIDATE_PRODUCT = YES;
			};
			name = Release;
		};
		5CDF70C52C2EC413006E87C9 /* Debug */ = {
			isa = XCBuildConfiguration;
			buildSettings = {
				ASSETCATALOG_COMPILER_APPICON_NAME = AppIcon;
				ASSETCATALOG_COMPILER_GLOBAL_ACCENT_COLOR_NAME = AccentColor;
				CODE_SIGN_STYLE = Automatic;
				CURRENT_PROJECT_VERSION = 1;
				DEVELOPMENT_TEAM = 72DGBQN223;
				GENERATE_INFOPLIST_FILE = YES;
				INFOPLIST_FILE = Podcast/Info.plist;
				INFOPLIST_KEY_UIApplicationSupportsIndirectInputEvents = YES;
				INFOPLIST_KEY_UILaunchStoryboardName = LaunchScreen;
				INFOPLIST_KEY_UIMainStoryboardFile = Main;
				INFOPLIST_KEY_UISupportedInterfaceOrientations_iPad = "UIInterfaceOrientationPortrait UIInterfaceOrientationPortraitUpsideDown UIInterfaceOrientationLandscapeLeft UIInterfaceOrientationLandscapeRight";
				INFOPLIST_KEY_UISupportedInterfaceOrientations_iPhone = "UIInterfaceOrientationPortrait UIInterfaceOrientationLandscapeLeft UIInterfaceOrientationLandscapeRight";
				LD_RUNPATH_SEARCH_PATHS = (
					"$(inherited)",
					"@executable_path/Frameworks",
				);
				MARKETING_VERSION = 1.0;
				PRODUCT_BUNDLE_IDENTIFIER = omerErbalta.Podcast;
				PRODUCT_NAME = "$(TARGET_NAME)";
				SWIFT_EMIT_LOC_STRINGS = YES;
				SWIFT_VERSION = 5.0;
				TARGETED_DEVICE_FAMILY = "1,2";
			};
			name = Debug;
		};
		5CDF70C62C2EC413006E87C9 /* Release */ = {
			isa = XCBuildConfiguration;
			buildSettings = {
				ASSETCATALOG_COMPILER_APPICON_NAME = AppIcon;
				ASSETCATALOG_COMPILER_GLOBAL_ACCENT_COLOR_NAME = AccentColor;
				CODE_SIGN_STYLE = Automatic;
				CURRENT_PROJECT_VERSION = 1;
				DEVELOPMENT_TEAM = 72DGBQN223;
				GENERATE_INFOPLIST_FILE = YES;
				INFOPLIST_FILE = Podcast/Info.plist;
				INFOPLIST_KEY_UIApplicationSupportsIndirectInputEvents = YES;
				INFOPLIST_KEY_UILaunchStoryboardName = LaunchScreen;
				INFOPLIST_KEY_UIMainStoryboardFile = Main;
				INFOPLIST_KEY_UISupportedInterfaceOrientations_iPad = "UIInterfaceOrientationPortrait UIInterfaceOrientationPortraitUpsideDown UIInterfaceOrientationLandscapeLeft UIInterfaceOrientationLandscapeRight";
				INFOPLIST_KEY_UISupportedInterfaceOrientations_iPhone = "UIInterfaceOrientationPortrait UIInterfaceOrientationLandscapeLeft UIInterfaceOrientationLandscapeRight";
				LD_RUNPATH_SEARCH_PATHS = (
					"$(inherited)",
					"@executable_path/Frameworks",
				);
				MARKETING_VERSION = 1.0;
				PRODUCT_BUNDLE_IDENTIFIER = omerErbalta.Podcast;
				PRODUCT_NAME = "$(TARGET_NAME)";
				SWIFT_EMIT_LOC_STRINGS = YES;
				SWIFT_VERSION = 5.0;
				TARGETED_DEVICE_FAMILY = "1,2";
			};
			name = Release;
		};
		5CDF70C82C2EC413006E87C9 /* Debug */ = {
			isa = XCBuildConfiguration;
			buildSettings = {
				ALWAYS_EMBED_SWIFT_STANDARD_LIBRARIES = YES;
				BUNDLE_LOADER = "$(TEST_HOST)";
				CODE_SIGN_STYLE = Automatic;
				CURRENT_PROJECT_VERSION = 1;
				DEVELOPMENT_TEAM = 72DGBQN223;
				GENERATE_INFOPLIST_FILE = YES;
				IPHONEOS_DEPLOYMENT_TARGET = 17.2;
				MARKETING_VERSION = 1.0;
				PRODUCT_BUNDLE_IDENTIFIER = omerErbalta.PodcastTests;
				PRODUCT_NAME = "$(TARGET_NAME)";
				SWIFT_EMIT_LOC_STRINGS = NO;
				SWIFT_VERSION = 5.0;
				TARGETED_DEVICE_FAMILY = "1,2";
				TEST_HOST = "$(BUILT_PRODUCTS_DIR)/Podcast.app/$(BUNDLE_EXECUTABLE_FOLDER_PATH)/Podcast";
			};
			name = Debug;
		};
		5CDF70C92C2EC413006E87C9 /* Release */ = {
			isa = XCBuildConfiguration;
			buildSettings = {
				ALWAYS_EMBED_SWIFT_STANDARD_LIBRARIES = YES;
				BUNDLE_LOADER = "$(TEST_HOST)";
				CODE_SIGN_STYLE = Automatic;
				CURRENT_PROJECT_VERSION = 1;
				DEVELOPMENT_TEAM = 72DGBQN223;
				GENERATE_INFOPLIST_FILE = YES;
				IPHONEOS_DEPLOYMENT_TARGET = 17.2;
				MARKETING_VERSION = 1.0;
				PRODUCT_BUNDLE_IDENTIFIER = omerErbalta.PodcastTests;
				PRODUCT_NAME = "$(TARGET_NAME)";
				SWIFT_EMIT_LOC_STRINGS = NO;
				SWIFT_VERSION = 5.0;
				TARGETED_DEVICE_FAMILY = "1,2";
				TEST_HOST = "$(BUILT_PRODUCTS_DIR)/Podcast.app/$(BUNDLE_EXECUTABLE_FOLDER_PATH)/Podcast";
			};
			name = Release;
		};
		5CDF70CB2C2EC413006E87C9 /* Debug */ = {
			isa = XCBuildConfiguration;
			buildSettings = {
				ALWAYS_EMBED_SWIFT_STANDARD_LIBRARIES = YES;
				CODE_SIGN_STYLE = Automatic;
				CURRENT_PROJECT_VERSION = 1;
				DEVELOPMENT_TEAM = 72DGBQN223;
				GENERATE_INFOPLIST_FILE = YES;
				MARKETING_VERSION = 1.0;
				PRODUCT_BUNDLE_IDENTIFIER = omerErbalta.PodcastUITests;
				PRODUCT_NAME = "$(TARGET_NAME)";
				SWIFT_EMIT_LOC_STRINGS = NO;
				SWIFT_VERSION = 5.0;
				TARGETED_DEVICE_FAMILY = "1,2";
				TEST_TARGET_NAME = Podcast;
			};
			name = Debug;
		};
		5CDF70CC2C2EC413006E87C9 /* Release */ = {
			isa = XCBuildConfiguration;
			buildSettings = {
				ALWAYS_EMBED_SWIFT_STANDARD_LIBRARIES = YES;
				CODE_SIGN_STYLE = Automatic;
				CURRENT_PROJECT_VERSION = 1;
				DEVELOPMENT_TEAM = 72DGBQN223;
				GENERATE_INFOPLIST_FILE = YES;
				MARKETING_VERSION = 1.0;
				PRODUCT_BUNDLE_IDENTIFIER = omerErbalta.PodcastUITests;
				PRODUCT_NAME = "$(TARGET_NAME)";
				SWIFT_EMIT_LOC_STRINGS = NO;
				SWIFT_VERSION = 5.0;
				TARGETED_DEVICE_FAMILY = "1,2";
				TEST_TARGET_NAME = Podcast;
			};
			name = Release;
		};
/* End XCBuildConfiguration section */

/* Begin XCConfigurationList section */
		5CDF70952C2EC412006E87C9 /* Build configuration list for PBXProject "Podcast" */ = {
			isa = XCConfigurationList;
			buildConfigurations = (
				5CDF70C22C2EC413006E87C9 /* Debug */,
				5CDF70C32C2EC413006E87C9 /* Release */,
			);
			defaultConfigurationIsVisible = 0;
			defaultConfigurationName = Release;
		};
		5CDF70C42C2EC413006E87C9 /* Build configuration list for PBXNativeTarget "Podcast" */ = {
			isa = XCConfigurationList;
			buildConfigurations = (
				5CDF70C52C2EC413006E87C9 /* Debug */,
				5CDF70C62C2EC413006E87C9 /* Release */,
			);
			defaultConfigurationIsVisible = 0;
			defaultConfigurationName = Release;
		};
		5CDF70C72C2EC413006E87C9 /* Build configuration list for PBXNativeTarget "PodcastTests" */ = {
			isa = XCConfigurationList;
			buildConfigurations = (
				5CDF70C82C2EC413006E87C9 /* Debug */,
				5CDF70C92C2EC413006E87C9 /* Release */,
			);
			defaultConfigurationIsVisible = 0;
			defaultConfigurationName = Release;
		};
		5CDF70CA2C2EC413006E87C9 /* Build configuration list for PBXNativeTarget "PodcastUITests" */ = {
			isa = XCConfigurationList;
			buildConfigurations = (
				5CDF70CB2C2EC413006E87C9 /* Debug */,
				5CDF70CC2C2EC413006E87C9 /* Release */,
			);
			defaultConfigurationIsVisible = 0;
			defaultConfigurationName = Release;
		};
/* End XCConfigurationList section */
	};
	rootObject = 5CDF70922C2EC412006E87C9 /* Project object */;
}
