// !$*UTF8*$!
{
	archiveVersion = 1;
	classes = {
	};
	objectVersion = 56;
	objects = {

/* Begin PBXBuildFile section */
		5C74196E2C3D24B50006130D /* Kingfisher in Frameworks */ = {isa = PBXBuildFile; productRef = 5C74196D2C3D24B50006130D /* Kingfisher */; };
		5C7419712C3D5CE40006130D /* SearchViewModel.swift in Sources */ = {isa = PBXBuildFile; fileRef = 5C7419702C3D5CE40006130D /* SearchViewModel.swift */; };
		5C7419732C3D61770006130D /* EpisodeViewController.swift in Sources */ = {isa = PBXBuildFile; fileRef = 5C7419722C3D61770006130D /* EpisodeViewController.swift */; };
		5C7419752C3D63820006130D /* EpsodeCell.swift in Sources */ = {isa = PBXBuildFile; fileRef = 5C7419742C3D63820006130D /* EpsodeCell.swift */; };
		5C7419782C3D7B000006130D /* FeedKit in Frameworks */ = {isa = PBXBuildFile; productRef = 5C7419772C3D7B000006130D /* FeedKit */; };
		5C74197A2C3D7B120006130D /* EpisoodeService.swift in Sources */ = {isa = PBXBuildFile; fileRef = 5C7419792C3D7B120006130D /* EpisoodeService.swift */; };
		5C74197F2C431E8B0006130D /* Extension.swift in Sources */ = {isa = PBXBuildFile; fileRef = 5C74197E2C431E8B0006130D /* Extension.swift */; };
		5C7419812C4322E80006130D /* Episode.swift in Sources */ = {isa = PBXBuildFile; fileRef = 5C7419802C4322E80006130D /* Episode.swift */; };
		5C7419832C432DAC0006130D /* EpisodeCellViewModel.swift in Sources */ = {isa = PBXBuildFile; fileRef = 5C7419822C432DAC0006130D /* EpisodeCellViewModel.swift */; };
		5C7419852C43338B0006130D /* PlayerViewController.swift in Sources */ = {isa = PBXBuildFile; fileRef = 5C7419842C43338B0006130D /* PlayerViewController.swift */; };
		5C7419872C4533D60006130D /* FavoriteCell.swift in Sources */ = {isa = PBXBuildFile; fileRef = 5C7419862C4533D60006130D /* FavoriteCell.swift */; };
		5C74198A2C453AE90006130D /* PodcastClone.xcdatamodeld in Sources */ = {isa = PBXBuildFile; fileRef = 5C7419882C453AE90006130D /* PodcastClone.xcdatamodeld */; };
		5C74198C2C454B920006130D /* CoreData+Helpers.swift in Sources */ = {isa = PBXBuildFile; fileRef = 5C74198B2C454B920006130D /* CoreData+Helpers.swift */; };
		5C74198E2C4573280006130D /* FavoriteCellViewModel.swift in Sources */ = {isa = PBXBuildFile; fileRef = 5C74198D2C4573280006130D /* FavoriteCellViewModel.swift */; };
		5C7419902C4581210006130D /* UserDefaults+Helpers.swift in Sources */ = {isa = PBXBuildFile; fileRef = 5C74198F2C4581210006130D /* UserDefaults+Helpers.swift */; };
		5CDF709E2C2EC412006E87C9 /* AppDelegate.swift in Sources */ = {isa = PBXBuildFile; fileRef = 5CDF709D2C2EC412006E87C9 /* AppDelegate.swift */; };
		5CDF70A02C2EC412006E87C9 /* SceneDelegate.swift in Sources */ = {isa = PBXBuildFile; fileRef = 5CDF709F2C2EC412006E87C9 /* SceneDelegate.swift */; };
		5CDF70A22C2EC412006E87C9 /* MainTabbarController.swift in Sources */ = {isa = PBXBuildFile; fileRef = 5CDF70A12C2EC412006E87C9 /* MainTabbarController.swift */; };
		5CDF70A72C2EC413006E87C9 /* Assets.xcassets in Resources */ = {isa = PBXBuildFile; fileRef = 5CDF70A62C2EC413006E87C9 /* Assets.xcassets */; };
		5CDF70AA2C2EC413006E87C9 /* LaunchScreen.storyboard in Resources */ = {isa = PBXBuildFile; fileRef = 5CDF70A82C2EC413006E87C9 /* LaunchScreen.storyboard */; };
		5CDF70B52C2EC413006E87C9 /* PodcastTests.swift in Sources */ = {isa = PBXBuildFile; fileRef = 5CDF70B42C2EC413006E87C9 /* PodcastTests.swift */; };
		5CDF70BF2C2EC413006E87C9 /* PodcastUITests.swift in Sources */ = {isa = PBXBuildFile; fileRef = 5CDF70BE2C2EC413006E87C9 /* PodcastUITests.swift */; };
		5CDF70C12C2EC413006E87C9 /* PodcastUITestsLaunchTests.swift in Sources */ = {isa = PBXBuildFile; fileRef = 5CDF70C02C2EC413006E87C9 /* PodcastUITestsLaunchTests.swift */; };
		5CDF70D02C2ECD6D006E87C9 /* FavoriteViewController.swift in Sources */ = {isa = PBXBuildFile; fileRef = 5CDF70CF2C2ECD6D006E87C9 /* FavoriteViewController.swift */; };
		5CDF70D22C2ECD76006E87C9 /* SearchViewController.swift in Sources */ = {isa = PBXBuildFile; fileRef = 5CDF70D12C2ECD76006E87C9 /* SearchViewController.swift */; };
		5CDF70D42C2ECD8D006E87C9 /* DownloadViewController.swift in Sources */ = {isa = PBXBuildFile; fileRef = 5CDF70D32C2ECD8D006E87C9 /* DownloadViewController.swift */; };
		5CDF70D72C2EDB9F006E87C9 /* Alamofire in Frameworks */ = {isa = PBXBuildFile; productRef = 5CDF70D62C2EDB9F006E87C9 /* Alamofire */; };
		5CDF70DA2C2EE2B4006E87C9 /* SearchCell.swift in Sources */ = {isa = PBXBuildFile; fileRef = 5CDF70D92C2EE2B4006E87C9 /* SearchCell.swift */; };
		5CDF70DD2C2F096F006E87C9 /* Search.swift in Sources */ = {isa = PBXBuildFile; fileRef = 5CDF70DC2C2F096F006E87C9 /* Search.swift */; };
		5CDF70E12C2F0A63006E87C9 /* SearchService.swift in Sources */ = {isa = PBXBuildFile; fileRef = 5CDF70E02C2F0A63006E87C9 /* SearchService.swift */; };
/* End PBXBuildFile section */

/* Begin PBXContainerItemProxy section */
		5CDF70B12C2EC413006E87C9 /* PBXContainerItemProxy */ = {
			isa = PBXContainerItemProxy;
			containerPortal = 5CDF70922C2EC412006E87C9 /* Project object */;
			proxyType = 1;
			remoteGlobalIDString = 5CDF70992C2EC412006E87C9;
			remoteInfo = Podcast;
		};
		5CDF70BB2C2EC413006E87C9 /* PBXContainerItemProxy */ = {
			isa = PBXContainerItemProxy;
			containerPortal = 5CDF70922C2EC412006E87C9 /* Project object */;
			proxyType = 1;
			remoteGlobalIDString = 5CDF70992C2EC412006E87C9;
			remoteInfo = Podcast;
		};
/* End PBXContainerItemProxy section */

/* Begin PBXFileReference section */
		5C7419702C3D5CE40006130D /* SearchViewModel.swift */ = {isa = PBXFileReference; lastKnownFileType = sourcecode.swift; path = SearchViewModel.swift; sourceTree = "<group>"; };
		5C7419722C3D61770006130D /* EpisodeViewController.swift */ = {isa = PBXFileReference; lastKnownFileType = sourcecode.swift; path = EpisodeViewController.swift; sourceTree = "<group>"; };
		5C7419742C3D63820006130D /* EpsodeCell.swift */ = {isa = PBXFileReference; lastKnownFileType = sourcecode.swift; path = EpsodeCell.swift; sourceTree = "<group>"; };
		5C7419792C3D7B120006130D /* EpisoodeService.swift */ = {isa = PBXFileReference; lastKnownFileType = sourcecode.swift; path = EpisoodeService.swift; sourceTree = "<group>"; };
		5C74197E2C431E8B0006130D /* Extension.swift */ = {isa = PBXFileReference; lastKnownFileType = sourcecode.swift; path = Extension.swift; sourceTree = "<group>"; };
		5C7419802C4322E80006130D /* Episode.swift */ = {isa = PBXFileReference; lastKnownFileType = sourcecode.swift; path = Episode.swift; sourceTree = "<group>"; };
		5C7419822C432DAC0006130D /* EpisodeCellViewModel.swift */ = {isa = PBXFileReference; lastKnownFileType = sourcecode.swift; path = EpisodeCellViewModel.swift; sourceTree = "<group>"; };
		5C7419842C43338B0006130D /* PlayerViewController.swift */ = {isa = PBXFileReference; lastKnownFileType = sourcecode.swift; path = PlayerViewController.swift; sourceTree = "<group>"; };
		5C7419862C4533D60006130D /* FavoriteCell.swift */ = {isa = PBXFileReference; lastKnownFileType = sourcecode.swift; path = FavoriteCell.swift; sourceTree = "<group>"; };
		5C7419892C453AE90006130D /* PodcastClone.xcdatamodel */ = {isa = PBXFileReference; lastKnownFileType = wrapper.xcdatamodel; path = PodcastClone.xcdatamodel; sourceTree = "<group>"; };
		5C74198B2C454B920006130D /* CoreData+Helpers.swift */ = {isa = PBXFileReference; lastKnownFileType = sourcecode.swift; path = "CoreData+Helpers.swift"; sourceTree = "<group>"; };
		5C74198D2C4573280006130D /* FavoriteCellViewModel.swift */ = {isa = PBXFileReference; lastKnownFileType = sourcecode.swift; path = FavoriteCellViewModel.swift; sourceTree = "<group>"; };
		5C74198F2C4581210006130D /* UserDefaults+Helpers.swift */ = {isa = PBXFileReference; lastKnownFileType = sourcecode.swift; path = "UserDefaults+Helpers.swift"; sourceTree = "<group>"; };
		5CDF709A2C2EC412006E87C9 /* Podcast.app */ = {isa = PBXFileReference; explicitFileType = wrapper.application; includeInIndex = 0; path = Podcast.app; sourceTree = BUILT_PRODUCTS_DIR; };
		5CDF709D2C2EC412006E87C9 /* AppDelegate.swift */ = {isa = PBXFileReference; lastKnownFileType = sourcecode.swift; path = AppDelegate.swift; sourceTree = "<group>"; };
		5CDF709F2C2EC412006E87C9 /* SceneDelegate.swift */ = {isa = PBXFileReference; lastKnownFileType = sourcecode.swift; path = SceneDelegate.swift; sourceTree = "<group>"; };
		5CDF70A12C2EC412006E87C9 /* MainTabbarController.swift */ = {isa = PBXFileReference; lastKnownFileType = sourcecode.swift; path = MainTabbarController.swift; sourceTree = "<group>"; };
		5CDF70A62C2EC413006E87C9 /* Assets.xcassets */ = {isa = PBXFileReference; lastKnownFileType = folder.assetcatalog; path = Assets.xcassets; sourceTree = "<group>"; };
		5CDF70A92C2EC413006E87C9 /* Base */ = {isa = PBXFileReference; lastKnownFileType = file.storyboard; name = Base; path = Base.lproj/LaunchScreen.storyboard; sourceTree = "<group>"; };
		5CDF70AB2C2EC413006E87C9 /* Info.plist */ = {isa = PBXFileReference; lastKnownFileType = text.plist.xml; path = Info.plist; sourceTree = "<group>"; };
		5CDF70B02C2EC413006E87C9 /* PodcastTests.xctest */ = {isa = PBXFileReference; explicitFileType = wrapper.cfbundle; includeInIndex = 0; path = PodcastTests.xctest; sourceTree = BUILT_PRODUCTS_DIR; };
		5CDF70B42C2EC413006E87C9 /* PodcastTests.swift */ = {isa = PBXFileReference; lastKnownFileType = sourcecode.swift; path = PodcastTests.swift; sourceTree = "<group>"; };
		5CDF70BA2C2EC413006E87C9 /* PodcastUITests.xctest */ = {isa = PBXFileReference; explicitFileType = wrapper.cfbundle; includeInIndex = 0; path = PodcastUITests.xctest; sourceTree = BUILT_PRODUCTS_DIR; };
		5CDF70BE2C2EC413006E87C9 /* PodcastUITests.swift */ = {isa = PBXFileReference; lastKnownFileType = sourcecode.swift; path = PodcastUITests.swift; sourceTree = "<group>"; };
		5CDF70C02C2EC413006E87C9 /* PodcastUITestsLaunchTests.swift */ = {isa = PBXFileReference; lastKnownFileType = sourcecode.swift; path = PodcastUITestsLaunchTests.swift; sourceTree = "<group>"; };
		5CDF70CF2C2ECD6D006E87C9 /* FavoriteViewController.swift */ = {isa = PBXFileReference; lastKnownFileType = sourcecode.swift; path = FavoriteViewController.swift; sourceTree = "<group>"; };
		5CDF70D12C2ECD76006E87C9 /* SearchViewController.swift */ = {isa = PBXFileReference; lastKnownFileType = sourcecode.swift; path = SearchViewController.swift; sourceTree = "<group>"; };
		5CDF70D32C2ECD8D006E87C9 /* DownloadViewController.swift */ = {isa = PBXFileReference; lastKnownFileType = sourcecode.swift; path = DownloadViewController.swift; sourceTree = "<group>"; };
		5CDF70D92C2EE2B4006E87C9 /* SearchCell.swift */ = {isa = PBXFileReference; lastKnownFileType = sourcecode.swift; path = SearchCell.swift; sourceTree = "<group>"; };
		5CDF70DC2C2F096F006E87C9 /* Search.swift */ = {isa = PBXFileReference; lastKnownFileType = sourcecode.swift; path = Search.swift; sourceTree = "<group>"; };
		5CDF70E02C2F0A63006E87C9 /* SearchService.swift */ = {isa = PBXFileReference; lastKnownFileType = sourcecode.swift; path = SearchService.swift; sourceTree = "<group>"; };
/* End PBXFileReference section */

/* Begin PBXFrameworksBuildPhase section */
		5CDF70972C2EC412006E87C9 /* Frameworks */ = {
			isa = PBXFrameworksBuildPhase;
			buildActionMask = 2147483647;
			files = (
				5C7419782C3D7B000006130D /* FeedKit in Frameworks */,
				5C74196E2C3D24B50006130D /* Kingfisher in Frameworks */,
				5CDF70D72C2EDB9F006E87C9 /* Alamofire in Frameworks */,
			);
			runOnlyForDeploymentPostprocessing = 0;
		};
		5CDF70AD2C2EC413006E87C9 /* Frameworks */ = {
			isa = PBXFrameworksBuildPhase;
			buildActionMask = 2147483647;
			files = (
			);
			runOnlyForDeploymentPostprocessing = 0;
		};
		5CDF70B72C2EC413006E87C9 /* Frameworks */ = {
			isa = PBXFrameworksBuildPhase;
			buildActionMask = 2147483647;
			files = (
			);
			runOnlyForDeploymentPostprocessing = 0;
		};
/* End PBXFrameworksBuildPhase section */

/* Begin PBXGroup section */
		5C74196F2C3D5CD50006130D /* ViewModel */ = {
			isa = PBXGroup;
			children = (
				5C7419702C3D5CE40006130D /* SearchViewModel.swift */,
				5C7419822C432DAC0006130D /* EpisodeCellViewModel.swift */,
				5C74198D2C4573280006130D /* FavoriteCellViewModel.swift */,
			);
			path = ViewModel;
			sourceTree = "<group>";
		};
		5C74197B2C431E6A0006130D /* Helpers */ = {
			isa = PBXGroup;
			children = (
				5C74197E2C431E8B0006130D /* Extension.swift */,
				5C74198B2C454B920006130D /* CoreData+Helpers.swift */,
				5C74198F2C4581210006130D /* UserDefaults+Helpers.swift */,
			);
			path = Helpers;
			sourceTree = "<group>";
		};
		5CDF70912C2EC412006E87C9 = {
			isa = PBXGroup;
			children = (
				5CDF709C2C2EC412006E87C9 /* Podcast */,
				5CDF70B32C2EC413006E87C9 /* PodcastTests */,
				5CDF70BD2C2EC413006E87C9 /* PodcastUITests */,
				5CDF709B2C2EC412006E87C9 /* Products */,
			);
			sourceTree = "<group>";
		};
		5CDF709B2C2EC412006E87C9 /* Products */ = {
			isa = PBXGroup;
			children = (
				5CDF709A2C2EC412006E87C9 /* Podcast.app */,
				5CDF70B02C2EC413006E87C9 /* PodcastTests.xctest */,
				5CDF70BA2C2EC413006E87C9 /* PodcastUITests.xctest */,
			);
			name = Products;
			sourceTree = "<group>";
		};
		5CDF709C2C2EC412006E87C9 /* Podcast */ = {
			isa = PBXGroup;
			children = (
				5C74197B2C431E6A0006130D /* Helpers */,
				5C74196F2C3D5CD50006130D /* ViewModel */,
				5CDF70DF2C2F0A54006E87C9 /* Service */,
				5CDF70DB2C2F0964006E87C9 /* Model */,
				5CDF70D82C2EE2A6006E87C9 /* View */,
				5CDF70AB2C2EC413006E87C9 /* Info.plist */,
				5CDF70CD2C2ECCAC006E87C9 /* Controller */,
				5CDF70CE2C2ECCB2006E87C9 /* Files */,
			);
			path = Podcast;
			sourceTree = "<group>";
		};
		5CDF70B32C2EC413006E87C9 /* PodcastTests */ = {
			isa = PBXGroup;
			children = (
				5CDF70B42C2EC413006E87C9 /* PodcastTests.swift */,
			);
			path = PodcastTests;
			sourceTree = "<group>";
		};
		5CDF70BD2C2EC413006E87C9 /* PodcastUITests */ = {
			isa = PBXGroup;
			children = (
				5CDF70BE2C2EC413006E87C9 /* PodcastUITests.swift */,
				5CDF70C02C2EC413006E87C9 /* PodcastUITestsLaunchTests.swift */,
			);
			path = PodcastUITests;
			sourceTree = "<group>";
		};
		5CDF70CD2C2ECCAC006E87C9 /* Controller */ = {
			isa = PBXGroup;
			children = (
				5CDF70A12C2EC412006E87C9 /* MainTabbarController.swift */,
				5CDF70CF2C2ECD6D006E87C9 /* FavoriteViewController.swift */,
				5CDF70D12C2ECD76006E87C9 /* SearchViewController.swift */,
				5CDF70D32C2ECD8D006E87C9 /* DownloadViewController.swift */,
				5C7419722C3D61770006130D /* EpisodeViewController.swift */,
				5C7419842C43338B0006130D /* PlayerViewController.swift */,
			);
			path = Controller;
			sourceTree = "<group>";
		};
		5CDF70CE2C2ECCB2006E87C9 /* Files */ = {
			isa = PBXGroup;
			children = (
				5CDF709D2C2EC412006E87C9 /* AppDelegate.swift */,
				5CDF709F2C2EC412006E87C9 /* SceneDelegate.swift */,
				5CDF70A62C2EC413006E87C9 /* Assets.xcassets */,
				5CDF70A82C2EC413006E87C9 /* LaunchScreen.storyboard */,
				5C7419882C453AE90006130D /* PodcastClone.xcdatamodeld */,
			);
			path = Files;
			sourceTree = "<group>";
		};
		5CDF70D82C2EE2A6006E87C9 /* View */ = {
			isa = PBXGroup;
			children = (
				5CDF70D92C2EE2B4006E87C9 /* SearchCell.swift */,
				5C7419742C3D63820006130D /* EpsodeCell.swift */,
				5C7419862C4533D60006130D /* FavoriteCell.swift */,
			);
			path = View;
			sourceTree = "<group>";
		};
		5CDF70DB2C2F0964006E87C9 /* Model */ = {
			isa = PBXGroup;
			children = (
				5CDF70DC2C2F096F006E87C9 /* Search.swift */,
				5C7419802C4322E80006130D /* Episode.swift */,
			);
			path = Model;
			sourceTree = "<group>";
		};
		5CDF70DF2C2F0A54006E87C9 /* Service */ = {
			isa = PBXGroup;
			children = (
				5CDF70E02C2F0A63006E87C9 /* SearchService.swift */,
				5C7419792C3D7B120006130D /* EpisoodeService.swift */,
			);
			path = Service;
			sourceTree = "<group>";
		};
/* End PBXGroup section */

/* Begin PBXNativeTarget section */
		5CDF70992C2EC412006E87C9 /* Podcast */ = {
			isa = PBXNativeTarget;
			buildConfigurationList = 5CDF70C42C2EC413006E87C9 /* Build configuration list for PBXNativeTarget "Podcast" */;
			buildPhases = (
				5CDF70962C2EC412006E87C9 /* Sources */,
				5CDF70972C2EC412006E87C9 /* Frameworks */,
				5CDF70982C2EC412006E87C9 /* Resources */,
			);
			buildRules = (
			);
			dependencies = (
			);
			name = Podcast;
			packageProductDependencies = (
				5CDF70D62C2EDB9F006E87C9 /* Alamofire */,
				5C74196D2C3D24B50006130D /* Kingfisher */,
				5C7419772C3D7B000006130D /* FeedKit */,
			);
			productName = Podcast;
			productReference = 5CDF709A2C2EC412006E87C9 /* Podcast.app */;
			productType = "com.apple.product-type.application";
		};
		5CDF70AF2C2EC413006E87C9 /* PodcastTests */ = {
			isa = PBXNativeTarget;
			buildConfigurationList = 5CDF70C72C2EC413006E87C9 /* Build configuration list for PBXNativeTarget "PodcastTests" */;
			buildPhases = (
				5CDF70AC2C2EC413006E87C9 /* Sources */,
				5CDF70AD2C2EC413006E87C9 /* Frameworks */,
				5CDF70AE2C2EC413006E87C9 /* Resources */,
			);
			buildRules = (
			);
			dependencies = (
				5CDF70B22C2EC413006E87C9 /* PBXTargetDependency */,
			);
			name = PodcastTests;
			productName = PodcastTests;
			productReference = 5CDF70B02C2EC413006E87C9 /* PodcastTests.xctest */;
			productType = "com.apple.product-type.bundle.unit-test";
		};
		5CDF70B92C2EC413006E87C9 /* PodcastUITests */ = {
			isa = PBXNativeTarget;
			buildConfigurationList = 5CDF70CA2C2EC413006E87C9 /* Build configuration list for PBXNativeTarget "PodcastUITests" */;
			buildPhases = (
				5CDF70B62C2EC413006E87C9 /* Sources */,
				5CDF70B72C2EC413006E87C9 /* Frameworks */,
				5CDF70B82C2EC413006E87C9 /* Resources */,
			);
			buildRules = (
			);
			dependencies = (
				5CDF70BC2C2EC413006E87C9 /* PBXTargetDependency */,
			);
			name = PodcastUITests;
			productName = PodcastUITests;
			productReference = 5CDF70BA2C2EC413006E87C9 /* PodcastUITests.xctest */;
			productType = "com.apple.product-type.bundle.ui-testing";
		};
/* End PBXNativeTarget section */

/* Begin PBXProject section */
		5CDF70922C2EC412006E87C9 /* Project object */ = {
			isa = PBXProject;
			attributes = {
				BuildIndependentTargetsInParallel = 1;
				LastSwiftUpdateCheck = 1520;
				LastUpgradeCheck = 1520;
				TargetAttributes = {
					5CDF70992C2EC412006E87C9 = {
						CreatedOnToolsVersion = 15.2;
					};
					5CDF70AF2C2EC413006E87C9 = {
						CreatedOnToolsVersion = 15.2;
						TestTargetID = 5CDF70992C2EC412006E87C9;
					};
					5CDF70B92C2EC413006E87C9 = {
						CreatedOnToolsVersion = 15.2;
						TestTargetID = 5CDF70992C2EC412006E87C9;
					};
				};
			};
			buildConfigurationList = 5CDF70952C2EC412006E87C9 /* Build configuration list for PBXProject "Podcast" */;
			compatibilityVersion = "Xcode 14.0";
			developmentRegion = en;
			hasScannedForEncodings = 0;
			knownRegions = (
				en,
				Base,
			);
			mainGroup = 5CDF70912C2EC412006E87C9;
			packageReferences = (
				5CDF70D52C2EDB9F006E87C9 /* XCRemoteSwiftPackageReference "Alamofire" */,
				5C74196C2C3D24B50006130D /* XCRemoteSwiftPackageReference "Kingfisher" */,
				5C7419762C3D7B000006130D /* XCRemoteSwiftPackageReference "FeedKit" */,
			);
			productRefGroup = 5CDF709B2C2EC412006E87C9 /* Products */;
			projectDirPath = "";
			projectRoot = "";
			targets = (
				5CDF70992C2EC412006E87C9 /* Podcast */,
				5CDF70AF2C2EC413006E87C9 /* PodcastTests */,
				5CDF70B92C2EC413006E87C9 /* PodcastUITests */,
			);
		};
/* End PBXProject section */

/* Begin PBXResourcesBuildPhase section */
		5CDF70982C2EC412006E87C9 /* Resources */ = {
			isa = PBXResourcesBuildPhase;
			buildActionMask = 2147483647;
			files = (
				5CDF70AA2C2EC413006E87C9 /* LaunchScreen.storyboard in Resources */,
				5CDF70A72C2EC413006E87C9 /* Assets.xcassets in Resources */,
			);
			runOnlyForDeploymentPostprocessing = 0;
		};
		5CDF70AE2C2EC413006E87C9 /* Resources */ = {
			isa = PBXResourcesBuildPhase;
			buildActionMask = 2147483647;
			files = (
			);
			runOnlyForDeploymentPostprocessing = 0;
		};
		5CDF70B82C2EC413006E87C9 /* Resources */ = {
			isa = PBXResourcesBuildPhase;
			buildActionMask = 2147483647;
			files = (
			);
			runOnlyForDeploymentPostprocessing = 0;
		};
/* End PBXResourcesBuildPhase section */

/* Begin PBXSourcesBuildPhase section */
		5CDF70962C2EC412006E87C9 /* Sources */ = {
			isa = PBXSourcesBuildPhase;
			buildActionMask = 2147483647;
			files = (
				5CDF70E12C2F0A63006E87C9 /* SearchService.swift in Sources */,
				5CDF70D22C2ECD76006E87C9 /* SearchViewController.swift in Sources */,
				5CDF70A22C2EC412006E87C9 /* MainTabbarController.swift in Sources */,
				5C74198E2C4573280006130D /* FavoriteCellViewModel.swift in Sources */,
				5C7419752C3D63820006130D /* EpsodeCell.swift in Sources */,
				5C74198A2C453AE90006130D /* PodcastClone.xcdatamodeld in Sources */,
				5C74197A2C3D7B120006130D /* EpisoodeService.swift in Sources */,
				5CDF709E2C2EC412006E87C9 /* AppDelegate.swift in Sources */,
				5CDF70DA2C2EE2B4006E87C9 /* SearchCell.swift in Sources */,
				5CDF70D02C2ECD6D006E87C9 /* FavoriteViewController.swift in Sources */,
				5CDF70DD2C2F096F006E87C9 /* Search.swift in Sources */,
				5C74197F2C431E8B0006130D /* Extension.swift in Sources */,
				5C7419832C432DAC0006130D /* EpisodeCellViewModel.swift in Sources */,
				5CDF70D42C2ECD8D006E87C9 /* DownloadViewController.swift in Sources */,
				5C7419732C3D61770006130D /* EpisodeViewController.swift in Sources */,
				5C74198C2C454B920006130D /* CoreData+Helpers.swift in Sources */,
				5C7419902C4581210006130D /* UserDefaults+Helpers.swift in Sources */,
				5C7419712C3D5CE40006130D /* SearchViewModel.swift in Sources */,
				5C7419812C4322E80006130D /* Episode.swift in Sources */,
				5C7419872C4533D60006130D /* FavoriteCell.swift in Sources */,
				5CDF70A02C2EC412006E87C9 /* SceneDelegate.swift in Sources */,
				5C7419852C43338B0006130D /* PlayerViewController.swift in Sources */,
			);
			runOnlyForDeploymentPostprocessing = 0;
		};
		5CDF70AC2C2EC413006E87C9 /* Sources */ = {
			isa = PBXSourcesBuildPhase;
			buildActionMask = 2147483647;
			files = (
				5CDF70B52C2EC413006E87C9 /* PodcastTests.swift in Sources */,
			);
			runOnlyForDeploymentPostprocessing = 0;
		};
		5CDF70B62C2EC413006E87C9 /* Sources */ = {
			isa = PBXSourcesBuildPhase;
			buildActionMask = 2147483647;
			files = (
				5CDF70BF2C2EC413006E87C9 /* PodcastUITests.swift in Sources */,
				5CDF70C12C2EC413006E87C9 /* PodcastUITestsLaunchTests.swift in Sources */,
			);
			runOnlyForDeploymentPostprocessing = 0;
		};
/* End PBXSourcesBuildPhase section */

/* Begin PBXTargetDependency section */
		5CDF70B22C2EC413006E87C9 /* PBXTargetDependency */ = {
			isa = PBXTargetDependency;
			target = 5CDF70992C2EC412006E87C9 /* Podcast */;
			targetProxy = 5CDF70B12C2EC413006E87C9 /* PBXContainerItemProxy */;
		};
		5CDF70BC2C2EC413006E87C9 /* PBXTargetDependency */ = {
			isa = PBXTargetDependency;
			target = 5CDF70992C2EC412006E87C9 /* Podcast */;
			targetProxy = 5CDF70BB2C2EC413006E87C9 /* PBXContainerItemProxy */;
		};
/* End PBXTargetDependency section */

/* Begin PBXVariantGroup section */
		5CDF70A82C2EC413006E87C9 /* LaunchScreen.storyboard */ = {
			isa = PBXVariantGroup;
			children = (
				5CDF70A92C2EC413006E87C9 /* Base */,
			);
			name = LaunchScreen.storyboard;
			sourceTree = "<group>";
		};
/* End PBXVariantGroup section */

/* Begin XCBuildConfiguration section */
		5CDF70C22C2EC413006E87C9 /* Debug */ = {
			isa = XCBuildConfiguration;
			buildSettings = {
				ALWAYS_SEARCH_USER_PATHS = NO;
				ASSETCATALOG_COMPILER_GENERATE_SWIFT_ASSET_SYMBOL_EXTENSIONS = YES;
				CLANG_ANALYZER_NONNULL = YES;
				CLANG_ANALYZER_NUMBER_OBJECT_CONVERSION = YES_AGGRESSIVE;
				CLANG_CXX_LANGUAGE_STANDARD = "gnu++20";
				CLANG_ENABLE_MODULES = YES;
				CLANG_ENABLE_OBJC_ARC = YES;
				CLANG_ENABLE_OBJC_WEAK = YES;
				CLANG_WARN_BLOCK_CAPTURE_AUTORELEASING = YES;
				CLANG_WARN_BOOL_CONVERSION = YES;
				CLANG_WARN_COMMA = YES;
				CLANG_WARN_CONSTANT_CONVERSION = YES;
				CLANG_WARN_DEPRECATED_OBJC_IMPLEMENTATIONS = YES;
				CLANG_WARN_DIRECT_OBJC_ISA_USAGE = YES_ERROR;
				CLANG_WARN_DOCUMENTATION_COMMENTS = YES;
				CLANG_WARN_EMPTY_BODY = YES;
				CLANG_WARN_ENUM_CONVERSION = YES;
				CLANG_WARN_INFINITE_RECURSION = YES;
				CLANG_WARN_INT_CONVERSION = YES;
				CLANG_WARN_NON_LITERAL_NULL_CONVERSION = YES;
				CLANG_WARN_OBJC_IMPLICIT_RETAIN_SELF = YES;
				CLANG_WARN_OBJC_LITERAL_CONVERSION = YES;
				CLANG_WARN_OBJC_ROOT_CLASS = YES_ERROR;
				CLANG_WARN_QUOTED_INCLUDE_IN_FRAMEWORK_HEADER = YES;
				CLANG_WARN_RANGE_LOOP_ANALYSIS = YES;
				CLANG_WARN_STRICT_PROTOTYPES = YES;
				CLANG_WARN_SUSPICIOUS_MOVE = YES;
				CLANG_WARN_UNGUARDED_AVAILABILITY = YES_AGGRESSIVE;
				CLANG_WARN_UNREACHABLE_CODE = YES;
				CLANG_WARN__DUPLICATE_METHOD_MATCH = YES;
				COPY_PHASE_STRIP = NO;
				DEBUG_INFORMATION_FORMAT = dwarf;
				ENABLE_STRICT_OBJC_MSGSEND = YES;
				ENABLE_TESTABILITY = YES;
				ENABLE_USER_SCRIPT_SANDBOXING = YES;
				GCC_C_LANGUAGE_STANDARD = gnu17;
				GCC_DYNAMIC_NO_PIC = NO;
				GCC_NO_COMMON_BLOCKS = YES;
				GCC_OPTIMIZATION_LEVEL = 0;
				GCC_PREPROCESSOR_DEFINITIONS = (
					"DEBUG=1",
					"$(inherited)",
				);
				GCC_WARN_64_TO_32_BIT_CONVERSION = YES;
				GCC_WARN_ABOUT_RETURN_TYPE = YES_ERROR;
				GCC_WARN_UNDECLARED_SELECTOR = YES;
				GCC_WARN_UNINITIALIZED_AUTOS = YES_AGGRESSIVE;
				GCC_WARN_UNUSED_FUNCTION = YES;
				GCC_WARN_UNUSED_VARIABLE = YES;
				IPHONEOS_DEPLOYMENT_TARGET = 17.2;
				LOCALIZATION_PREFERS_STRING_CATALOGS = YES;
				MTL_ENABLE_DEBUG_INFO = INCLUDE_SOURCE;
				MTL_FAST_MATH = YES;
				ONLY_ACTIVE_ARCH = YES;
				SDKROOT = iphoneos;
				SWIFT_ACTIVE_COMPILATION_CONDITIONS = "DEBUG $(inherited)";
				SWIFT_OPTIMIZATION_LEVEL = "-Onone";
			};
			name = Debug;
		};
		5CDF70C32C2EC413006E87C9 /* Release */ = {
			isa = XCBuildConfiguration;
			buildSettings = {
				ALWAYS_SEARCH_USER_PATHS = NO;
				ASSETCATALOG_COMPILER_GENERATE_SWIFT_ASSET_SYMBOL_EXTENSIONS = YES;
				CLANG_ANALYZER_NONNULL = YES;
				CLANG_ANALYZER_NUMBER_OBJECT_CONVERSION = YES_AGGRESSIVE;
				CLANG_CXX_LANGUAGE_STANDARD = "gnu++20";
				CLANG_ENABLE_MODULES = YES;
				CLANG_ENABLE_OBJC_ARC = YES;
				CLANG_ENABLE_OBJC_WEAK = YES;
				CLANG_WARN_BLOCK_CAPTURE_AUTORELEASING = YES;
				CLANG_WARN_BOOL_CONVERSION = YES;
				CLANG_WARN_COMMA = YES;
				CLANG_WARN_CONSTANT_CONVERSION = YES;
				CLANG_WARN_DEPRECATED_OBJC_IMPLEMENTATIONS = YES;
				CLANG_WARN_DIRECT_OBJC_ISA_USAGE = YES_ERROR;
				CLANG_WARN_DOCUMENTATION_COMMENTS = YES;
				CLANG_WARN_EMPTY_BODY = YES;
				CLANG_WARN_ENUM_CONVERSION = YES;
				CLANG_WARN_INFINITE_RECURSION = YES;
				CLANG_WARN_INT_CONVERSION = YES;
				CLANG_WARN_NON_LITERAL_NULL_CONVERSION = YES;
				CLANG_WARN_OBJC_IMPLICIT_RETAIN_SELF = YES;
				CLANG_WARN_OBJC_LITERAL_CONVERSION = YES;
				CLANG_WARN_OBJC_ROOT_CLASS = YES_ERROR;
				CLANG_WARN_QUOTED_INCLUDE_IN_FRAMEWORK_HEADER = YES;
				CLANG_WARN_RANGE_LOOP_ANALYSIS = YES;
				CLANG_WARN_STRICT_PROTOTYPES = YES;
				CLANG_WARN_SUSPICIOUS_MOVE = YES;
				CLANG_WARN_UNGUARDED_AVAILABILITY = YES_AGGRESSIVE;
				CLANG_WARN_UNREACHABLE_CODE = YES;
				CLANG_WARN__DUPLICATE_METHOD_MATCH = YES;
				COPY_PHASE_STRIP = NO;
				DEBUG_INFORMATION_FORMAT = "dwarf-with-dsym";
				ENABLE_NS_ASSERTIONS = NO;
				ENABLE_STRICT_OBJC_MSGSEND = YES;
				ENABLE_USER_SCRIPT_SANDBOXING = YES;
				GCC_C_LANGUAGE_STANDARD = gnu17;
				GCC_NO_COMMON_BLOCKS = YES;
				GCC_WARN_64_TO_32_BIT_CONVERSION = YES;
				GCC_WARN_ABOUT_RETURN_TYPE = YES_ERROR;
				GCC_WARN_UNDECLARED_SELECTOR = YES;
				GCC_WARN_UNINITIALIZED_AUTOS = YES_AGGRESSIVE;
				GCC_WARN_UNUSED_FUNCTION = YES;
				GCC_WARN_UNUSED_VARIABLE = YES;
				IPHONEOS_DEPLOYMENT_TARGET = 17.2;
				LOCALIZATION_PREFERS_STRING_CATALOGS = YES;
				MTL_ENABLE_DEBUG_INFO = NO;
				MTL_FAST_MATH = YES;
				SDKROOT = iphoneos;
				SWIFT_COMPILATION_MODE = wholemodule;
				VALIDATE_PRODUCT = YES;
			};
			name = Release;
		};
		5CDF70C52C2EC413006E87C9 /* Debug */ = {
			isa = XCBuildConfiguration;
			buildSettings = {
				ASSETCATALOG_COMPILER_APPICON_NAME = AppIcon;
				ASSETCATALOG_COMPILER_GLOBAL_ACCENT_COLOR_NAME = AccentColor;
				CODE_SIGN_STYLE = Automatic;
				CURRENT_PROJECT_VERSION = 1;
				DEVELOPMENT_TEAM = 72DGBQN223;
				GENERATE_INFOPLIST_FILE = YES;
				INFOPLIST_FILE = Podcast/Info.plist;
				INFOPLIST_KEY_UIApplicationSupportsIndirectInputEvents = YES;
				INFOPLIST_KEY_UILaunchStoryboardName = LaunchScreen;
				INFOPLIST_KEY_UISupportedInterfaceOrientations_iPad = "UIInterfaceOrientationPortrait UIInterfaceOrientationPortraitUpsideDown UIInterfaceOrientationLandscapeLeft UIInterfaceOrientationLandscapeRight";
				INFOPLIST_KEY_UISupportedInterfaceOrientations_iPhone = "UIInterfaceOrientationPortrait UIInterfaceOrientationLandscapeLeft UIInterfaceOrientationLandscapeRight";
				LD_RUNPATH_SEARCH_PATHS = (
					"$(inherited)",
					"@executable_path/Frameworks",
				);
				MARKETING_VERSION = 1.0;
				PRODUCT_BUNDLE_IDENTIFIER = omerErbalta.Podcast;
				PRODUCT_NAME = "$(TARGET_NAME)";
				SWIFT_EMIT_LOC_STRINGS = YES;
				SWIFT_VERSION = 5.0;
				TARGETED_DEVICE_FAMILY = "1,2";
			};
			name = Debug;
		};
		5CDF70C62C2EC413006E87C9 /* Release */ = {
			isa = XCBuildConfiguration;
			buildSettings = {
				ASSETCATALOG_COMPILER_APPICON_NAME = AppIcon;
				ASSETCATALOG_COMPILER_GLOBAL_ACCENT_COLOR_NAME = AccentColor;
				CODE_SIGN_STYLE = Automatic;
				CURRENT_PROJECT_VERSION = 1;
				DEVELOPMENT_TEAM = 72DGBQN223;
				GENERATE_INFOPLIST_FILE = YES;
				INFOPLIST_FILE = Podcast/Info.plist;
				INFOPLIST_KEY_UIApplicationSupportsIndirectInputEvents = YES;
				INFOPLIST_KEY_UILaunchStoryboardName = LaunchScreen;
				INFOPLIST_KEY_UISupportedInterfaceOrientations_iPad = "UIInterfaceOrientationPortrait UIInterfaceOrientationPortraitUpsideDown UIInterfaceOrientationLandscapeLeft UIInterfaceOrientationLandscapeRight";
				INFOPLIST_KEY_UISupportedInterfaceOrientations_iPhone = "UIInterfaceOrientationPortrait UIInterfaceOrientationLandscapeLeft UIInterfaceOrientationLandscapeRight";
				LD_RUNPATH_SEARCH_PATHS = (
					"$(inherited)",
					"@executable_path/Frameworks",
				);
				MARKETING_VERSION = 1.0;
				PRODUCT_BUNDLE_IDENTIFIER = omerErbalta.Podcast;
				PRODUCT_NAME = "$(TARGET_NAME)";
				SWIFT_EMIT_LOC_STRINGS = YES;
				SWIFT_VERSION = 5.0;
				TARGETED_DEVICE_FAMILY = "1,2";
			};
			name = Release;
		};
		5CDF70C82C2EC413006E87C9 /* Debug */ = {
			isa = XCBuildConfiguration;
			buildSettings = {
				ALWAYS_EMBED_SWIFT_STANDARD_LIBRARIES = YES;
				BUNDLE_LOADER = "$(TEST_HOST)";
				CODE_SIGN_STYLE = Automatic;
				CURRENT_PROJECT_VERSION = 1;
				DEVELOPMENT_TEAM = 72DGBQN223;
				GENERATE_INFOPLIST_FILE = YES;
				IPHONEOS_DEPLOYMENT_TARGET = 17.2;
				MARKETING_VERSION = 1.0;
				PRODUCT_BUNDLE_IDENTIFIER = omerErbalta.PodcastTests;
				PRODUCT_NAME = "$(TARGET_NAME)";
				SWIFT_EMIT_LOC_STRINGS = NO;
				SWIFT_VERSION = 5.0;
				TARGETED_DEVICE_FAMILY = "1,2";
				TEST_HOST = "$(BUILT_PRODUCTS_DIR)/Podcast.app/$(BUNDLE_EXECUTABLE_FOLDER_PATH)/Podcast";
			};
			name = Debug;
		};
		5CDF70C92C2EC413006E87C9 /* Release */ = {
			isa = XCBuildConfiguration;
			buildSettings = {
				ALWAYS_EMBED_SWIFT_STANDARD_LIBRARIES = YES;
				BUNDLE_LOADER = "$(TEST_HOST)";
				CODE_SIGN_STYLE = Automatic;
				CURRENT_PROJECT_VERSION = 1;
				DEVELOPMENT_TEAM = 72DGBQN223;
				GENERATE_INFOPLIST_FILE = YES;
				IPHONEOS_DEPLOYMENT_TARGET = 17.2;
				MARKETING_VERSION = 1.0;
				PRODUCT_BUNDLE_IDENTIFIER = omerErbalta.PodcastTests;
				PRODUCT_NAME = "$(TARGET_NAME)";
				SWIFT_EMIT_LOC_STRINGS = NO;
				SWIFT_VERSION = 5.0;
				TARGETED_DEVICE_FAMILY = "1,2";
				TEST_HOST = "$(BUILT_PRODUCTS_DIR)/Podcast.app/$(BUNDLE_EXECUTABLE_FOLDER_PATH)/Podcast";
			};
			name = Release;
		};
		5CDF70CB2C2EC413006E87C9 /* Debug */ = {
			isa = XCBuildConfiguration;
			buildSettings = {
				ALWAYS_EMBED_SWIFT_STANDARD_LIBRARIES = YES;
				CODE_SIGN_STYLE = Automatic;
				CURRENT_PROJECT_VERSION = 1;
				DEVELOPMENT_TEAM = 72DGBQN223;
				GENERATE_INFOPLIST_FILE = YES;
				MARKETING_VERSION = 1.0;
				PRODUCT_BUNDLE_IDENTIFIER = omerErbalta.PodcastUITests;
				PRODUCT_NAME = "$(TARGET_NAME)";
				SWIFT_EMIT_LOC_STRINGS = NO;
				SWIFT_VERSION = 5.0;
				TARGETED_DEVICE_FAMILY = "1,2";
				TEST_TARGET_NAME = Podcast;
			};
			name = Debug;
		};
		5CDF70CC2C2EC413006E87C9 /* Release */ = {
			isa = XCBuildConfiguration;
			buildSettings = {
				ALWAYS_EMBED_SWIFT_STANDARD_LIBRARIES = YES;
				CODE_SIGN_STYLE = Automatic;
				CURRENT_PROJECT_VERSION = 1;
				DEVELOPMENT_TEAM = 72DGBQN223;
				GENERATE_INFOPLIST_FILE = YES;
				MARKETING_VERSION = 1.0;
				PRODUCT_BUNDLE_IDENTIFIER = omerErbalta.PodcastUITests;
				PRODUCT_NAME = "$(TARGET_NAME)";
				SWIFT_EMIT_LOC_STRINGS = NO;
				SWIFT_VERSION = 5.0;
				TARGETED_DEVICE_FAMILY = "1,2";
				TEST_TARGET_NAME = Podcast;
			};
			name = Release;
		};
/* End XCBuildConfiguration section */

/* Begin XCConfigurationList section */
		5CDF70952C2EC412006E87C9 /* Build configuration list for PBXProject "Podcast" */ = {
			isa = XCConfigurationList;
			buildConfigurations = (
				5CDF70C22C2EC413006E87C9 /* Debug */,
				5CDF70C32C2EC413006E87C9 /* Release */,
			);
			defaultConfigurationIsVisible = 0;
			defaultConfigurationName = Release;
		};
		5CDF70C42C2EC413006E87C9 /* Build configuration list for PBXNativeTarget "Podcast" */ = {
			isa = XCConfigurationList;
			buildConfigurations = (
				5CDF70C52C2EC413006E87C9 /* Debug */,
				5CDF70C62C2EC413006E87C9 /* Release */,
			);
			defaultConfigurationIsVisible = 0;
			defaultConfigurationName = Release;
		};
		5CDF70C72C2EC413006E87C9 /* Build configuration list for PBXNativeTarget "PodcastTests" */ = {
			isa = XCConfigurationList;
			buildConfigurations = (
				5CDF70C82C2EC413006E87C9 /* Debug */,
				5CDF70C92C2EC413006E87C9 /* Release */,
			);
			defaultConfigurationIsVisible = 0;
			defaultConfigurationName = Release;
		};
		5CDF70CA2C2EC413006E87C9 /* Build configuration list for PBXNativeTarget "PodcastUITests" */ = {
			isa = XCConfigurationList;
			buildConfigurations = (
				5CDF70CB2C2EC413006E87C9 /* Debug */,
				5CDF70CC2C2EC413006E87C9 /* Release */,
			);
			defaultConfigurationIsVisible = 0;
			defaultConfigurationName = Release;
		};
/* End XCConfigurationList section */

/* Begin XCRemoteSwiftPackageReference section */
		5C74196C2C3D24B50006130D /* XCRemoteSwiftPackageReference "Kingfisher" */ = {
			isa = XCRemoteSwiftPackageReference;
			repositoryURL = "https://github.com/onevcat/Kingfisher.git";
			requirement = {
				kind = upToNextMajorVersion;
				minimumVersion = 7.12.0;
			};
		};
		5C7419762C3D7B000006130D /* XCRemoteSwiftPackageReference "FeedKit" */ = {
			isa = XCRemoteSwiftPackageReference;
			repositoryURL = "https://github.com/nmdias/FeedKit.git";
			requirement = {
				kind = upToNextMajorVersion;
				minimumVersion = 9.1.2;
			};
		};
		5CDF70D52C2EDB9F006E87C9 /* XCRemoteSwiftPackageReference "Alamofire" */ = {
			isa = XCRemoteSwiftPackageReference;
			repositoryURL = "https://github.com/Alamofire/Alamofire.git";
			requirement = {
				kind = upToNextMajorVersion;
				minimumVersion = 5.9.1;
			};
		};
/* End XCRemoteSwiftPackageReference section */

/* Begin XCSwiftPackageProductDependency section */
		5C74196D2C3D24B50006130D /* Kingfisher */ = {
			isa = XCSwiftPackageProductDependency;
			package = 5C74196C2C3D24B50006130D /* XCRemoteSwiftPackageReference "Kingfisher" */;
			productName = Kingfisher;
		};
		5C7419772C3D7B000006130D /* FeedKit */ = {
			isa = XCSwiftPackageProductDependency;
			package = 5C7419762C3D7B000006130D /* XCRemoteSwiftPackageReference "FeedKit" */;
			productName = FeedKit;
		};
		5CDF70D62C2EDB9F006E87C9 /* Alamofire */ = {
			isa = XCSwiftPackageProductDependency;
			package = 5CDF70D52C2EDB9F006E87C9 /* XCRemoteSwiftPackageReference "Alamofire" */;
			productName = Alamofire;
		};
/* End XCSwiftPackageProductDependency section */

/* Begin XCVersionGroup section */
		5C7419882C453AE90006130D /* PodcastClone.xcdatamodeld */ = {
			isa = XCVersionGroup;
			children = (
				5C7419892C453AE90006130D /* PodcastClone.xcdatamodel */,
			);
			currentVersion = 5C7419892C453AE90006130D /* PodcastClone.xcdatamodel */;
			path = PodcastClone.xcdatamodeld;
			sourceTree = "<group>";
			versionGroupType = wrapper.xcdatamodel;
		};
/* End XCVersionGroup section */
	};
	rootObject = 5CDF70922C2EC412006E87C9 /* Project object */;
}
